{
  "name": "chardlau-datasheet",
  "version": "0.0.1",
  "lockfileVersion": 1,
  "requires": true,
  "dependencies": {
    "createjs-module": {
      "version": "0.8.3",
      "resolved": "https://registry.npm.taobao.org/createjs-module/download/createjs-module-0.8.3.tgz",
      "integrity": "sha1-Mo/6LhR0HXMD09CL2XzhgjNldB8="
    }
  }
}
